
Microsoft Visual Studio Solution File, Format Version 12.00
# Visual Studio Version 17
VisualStudioVersion = 17.0.31903.59
MinimumVisualStudioVersion = 10.0.40219.1
Project("{FAE04EC0-301F-11D3-BF4B-00C04F79EFBC}") = "Rooter.Web", "Rooter.Web\Rooter.Web.csproj", "{72A48F5E-9880-47C9-8701-0EC59052BD59}"
EndProject
Project("{FAE04EC0-301F-11D3-BF4B-00C04F79EFBC}") = "Rooter.Domain", "Rooter.Domain\Rooter.Domain.csproj", "{4B917121-C964-41E1-94BE-3653DF27E284}"
EndProject
Project("{FAE04EC0-301F-11D3-BF4B-00C04F79EFBC}") = "Rooter.Application", "Rooter.Application\Rooter.Application.csproj", "{3764F00A-6551-4E5F-B422-7D99B3569C9E}"
EndProject
Project("{FAE04EC0-301F-11D3-BF4B-00C04F79EFBC}") = "Rooter.Infrastructure", "Rooter.Infrastructure\Rooter.Infrastructure.csproj", "{8412E954-3A9F-42B8-8946-95E317F1F596}"
EndProject
Global
	GlobalSection(SolutionConfigurationPlatforms) = preSolution
		Debug|Any CPU = Debug|Any CPU
		Debug|x64 = Debug|x64
		Debug|x86 = Debug|x86
		Release|Any CPU = Release|Any CPU
		Release|x64 = Release|x64
		Release|x86 = Release|x86
	EndGlobalSection
	GlobalSection(ProjectConfigurationPlatforms) = postSolution
		{A50DD2B5-D2AE-48D7-A542-E89A6636DFA3}.Debug|Any CPU.ActiveCfg = Debug|Any CPU
		{A50DD2B5-D2AE-48D7-A542-E89A6636DFA3}.Debug|Any CPU.Build.0 = Debug|Any CPU
		{A50DD2B5-D2AE-48D7-A542-E89A6636DFA3}.Debug|x64.ActiveCfg = Debug|Any CPU
		{A50DD2B5-D2AE-48D7-A542-E89A6636DFA3}.Debug|x64.Build.0 = Debug|Any CPU
		{A50DD2B5-D2AE-48D7-A542-E89A6636DFA3}.Debug|x86.ActiveCfg = Debug|Any CPU
		{A50DD2B5-D2AE-48D7-A542-E89A6636DFA3}.Debug|x86.Build.0 = Debug|Any CPU
		{A50DD2B5-D2AE-48D7-A542-E89A6636DFA3}.Release|Any CPU.ActiveCfg = Release|Any CPU
		{A50DD2B5-D2AE-48D7-A542-E89A6636DFA3}.Release|Any CPU.Build.0 = Release|Any CPU
		{A50DD2B5-D2AE-48D7-A542-E89A6636DFA3}.Release|x64.ActiveCfg = Release|Any CPU
		{A50DD2B5-D2AE-48D7-A542-E89A6636DFA3}.Release|x64.Build.0 = Release|Any CPU
		{A50DD2B5-D2AE-48D7-A542-E89A6636DFA3}.Release|x86.ActiveCfg = Release|Any CPU
		{A50DD2B5-D2AE-48D7-A542-E89A6636DFA3}.Release|x86.Build.0 = Release|Any CPU
		{72A48F5E-9880-47C9-8701-0EC59052BD59}.Debug|Any CPU.ActiveCfg = Debug|Any CPU
		{72A48F5E-9880-47C9-8701-0EC59052BD59}.Debug|Any CPU.Build.0 = Debug|Any CPU
		{72A48F5E-9880-47C9-8701-0EC59052BD59}.Debug|x64.ActiveCfg = Debug|Any CPU
		{72A48F5E-9880-47C9-8701-0EC59052BD59}.Debug|x64.Build.0 = Debug|Any CPU
		{72A48F5E-9880-47C9-8701-0EC59052BD59}.Debug|x86.ActiveCfg = Debug|Any CPU
		{72A48F5E-9880-47C9-8701-0EC59052BD59}.Debug|x86.Build.0 = Debug|Any CPU
		{72A48F5E-9880-47C9-8701-0EC59052BD59}.Release|Any CPU.ActiveCfg = Release|Any CPU
		{72A48F5E-9880-47C9-8701-0EC59052BD59}.Release|Any CPU.Build.0 = Release|Any CPU
		{72A48F5E-9880-47C9-8701-0EC59052BD59}.Release|x64.ActiveCfg = Release|Any CPU
		{72A48F5E-9880-47C9-8701-0EC59052BD59}.Release|x64.Build.0 = Release|Any CPU
		{72A48F5E-9880-47C9-8701-0EC59052BD59}.Release|x86.ActiveCfg = Release|Any CPU
		{72A48F5E-9880-47C9-8701-0EC59052BD59}.Release|x86.Build.0 = Release|Any CPU
		{4B917121-C964-41E1-94BE-3653DF27E284}.Debug|Any CPU.ActiveCfg = Debug|Any CPU
		{4B917121-C964-41E1-94BE-3653DF27E284}.Debug|Any CPU.Build.0 = Debug|Any CPU
		{4B917121-C964-41E1-94BE-3653DF27E284}.Debug|x64.ActiveCfg = Debug|Any CPU
		{4B917121-C964-41E1-94BE-3653DF27E284}.Debug|x64.Build.0 = Debug|Any CPU
		{4B917121-C964-41E1-94BE-3653DF27E284}.Debug|x86.ActiveCfg = Debug|Any CPU
		{4B917121-C964-41E1-94BE-3653DF27E284}.Debug|x86.Build.0 = Debug|Any CPU
		{4B917121-C964-41E1-94BE-3653DF27E284}.Release|Any CPU.ActiveCfg = Release|Any CPU
		{4B917121-C964-41E1-94BE-3653DF27E284}.Release|Any CPU.Build.0 = Release|Any CPU
		{4B917121-C964-41E1-94BE-3653DF27E284}.Release|x64.ActiveCfg = Release|Any CPU
		{4B917121-C964-41E1-94BE-3653DF27E284}.Release|x64.Build.0 = Release|Any CPU
		{4B917121-C964-41E1-94BE-3653DF27E284}.Release|x86.ActiveCfg = Release|Any CPU
		{4B917121-C964-41E1-94BE-3653DF27E284}.Release|x86.Build.0 = Release|Any CPU
		{3764F00A-6551-4E5F-B422-7D99B3569C9E}.Debug|Any CPU.ActiveCfg = Debug|Any CPU
		{3764F00A-6551-4E5F-B422-7D99B3569C9E}.Debug|Any CPU.Build.0 = Debug|Any CPU
		{3764F00A-6551-4E5F-B422-7D99B3569C9E}.Debug|x64.ActiveCfg = Debug|Any CPU
		{3764F00A-6551-4E5F-B422-7D99B3569C9E}.Debug|x64.Build.0 = Debug|Any CPU
		{3764F00A-6551-4E5F-B422-7D99B3569C9E}.Debug|x86.ActiveCfg = Debug|Any CPU
		{3764F00A-6551-4E5F-B422-7D99B3569C9E}.Debug|x86.Build.0 = Debug|Any CPU
		{3764F00A-6551-4E5F-B422-7D99B3569C9E}.Release|Any CPU.ActiveCfg = Release|Any CPU
		{3764F00A-6551-4E5F-B422-7D99B3569C9E}.Release|Any CPU.Build.0 = Release|Any CPU
		{3764F00A-6551-4E5F-B422-7D99B3569C9E}.Release|x64.ActiveCfg = Release|Any CPU
		{3764F00A-6551-4E5F-B422-7D99B3569C9E}.Release|x64.Build.0 = Release|Any CPU
		{3764F00A-6551-4E5F-B422-7D99B3569C9E}.Release|x86.ActiveCfg = Release|Any CPU
		{3764F00A-6551-4E5F-B422-7D99B3569C9E}.Release|x86.Build.0 = Release|Any CPU
		{8412E954-3A9F-42B8-8946-95E317F1F596}.Debug|Any CPU.ActiveCfg = Debug|Any CPU
		{8412E954-3A9F-42B8-8946-95E317F1F596}.Debug|Any CPU.Build.0 = Debug|Any CPU
		{8412E954-3A9F-42B8-8946-95E317F1F596}.Debug|x64.ActiveCfg = Debug|Any CPU
		{8412E954-3A9F-42B8-8946-95E317F1F596}.Debug|x64.Build.0 = Debug|Any CPU
		{8412E954-3A9F-42B8-8946-95E317F1F596}.Debug|x86.ActiveCfg = Debug|Any CPU
		{8412E954-3A9F-42B8-8946-95E317F1F596}.Debug|x86.Build.0 = Debug|Any CPU
		{8412E954-3A9F-42B8-8946-95E317F1F596}.Release|Any CPU.ActiveCfg = Release|Any CPU
		{8412E954-3A9F-42B8-8946-95E317F1F596}.Release|Any CPU.Build.0 = Release|Any CPU
		{8412E954-3A9F-42B8-8946-95E317F1F596}.Release|x64.ActiveCfg = Release|Any CPU
		{8412E954-3A9F-42B8-8946-95E317F1F596}.Release|x64.Build.0 = Release|Any CPU
		{8412E954-3A9F-42B8-8946-95E317F1F596}.Release|x86.ActiveCfg = Release|Any CPU
		{8412E954-3A9F-42B8-8946-95E317F1F596}.Release|x86.Build.0 = Release|Any CPU
	EndGlobalSection
	GlobalSection(SolutionProperties) = preSolution
		HideSolutionNode = FALSE
	EndGlobalSection
EndGlobal
